
Microsoft Visual Studio Solution File, Format Version 12.00
# Visual Studio 15
VisualStudioVersion = 15.0.28307.102
MinimumVisualStudioVersion = 10.0.40219.1
Project("{FAE04EC0-301F-11D3-BF4B-00C04F79EFBC}") = "ElevenNote.WebMVC", "ElevenNote.WebMVC\ElevenNote.WebMVC.csproj", "{812DEB93-9D3C-42A1-97E2-9D4998FAF227}"
EndProject
Global
	GlobalSection(SolutionConfigurationPlatforms) = preSolution
		Debug|Any CPU = Debug|Any CPU
		Release|Any CPU = Release|Any CPU
	EndGlobalSection
	GlobalSection(ProjectConfigurationPlatforms) = postSolution
		{812DEB93-9D3C-42A1-97E2-9D4998FAF227}.Debug|Any CPU.ActiveCfg = Debug|Any CPU
		{812DEB93-9D3C-42A1-97E2-9D4998FAF227}.Debug|Any CPU.Build.0 = Debug|Any CPU
		{812DEB93-9D3C-42A1-97E2-9D4998FAF227}.Release|Any CPU.ActiveCfg = Release|Any CPU
		{812DEB93-9D3C-42A1-97E2-9D4998FAF227}.Release|Any CPU.Build.0 = Release|Any CPU
	EndGlobalSection
	GlobalSection(SolutionProperties) = preSolution
		HideSolutionNode = FALSE
	EndGlobalSection
	GlobalSection(ExtensibilityGlobals) = postSolution
		SolutionGuid = {89446A53-BBA0-4666-9DE7-023C11939533}
	EndGlobalSection
EndGlobal
