
Microsoft Visual Studio Solution File, Format Version 12.00
# Visual Studio 15
VisualStudioVersion = 15.0.28307.102
MinimumVisualStudioVersion = 10.0.40219.1
Project("{FAE04EC0-301F-11D3-BF4B-00C04F79EFBC}") = "ElevenNote.WebMVC", "ElevenNote.WebMVC\ElevenNote.WebMVC.csproj", "{812DEB93-9D3C-42A1-97E2-9D4998FAF227}"
EndProject
Project("{FAE04EC0-301F-11D3-BF4B-00C04F79EFBC}") = "ElevenNote.Data", "ElevenNote.Data\ElevenNote.Data.csproj", "{7D7684D2-FA96-4815-9CE9-968F216864BC}"
EndProject
Project("{FAE04EC0-301F-11D3-BF4B-00C04F79EFBC}") = "ElevenNote.Models", "ElevenNote.Models\ElevenNote.Models.csproj", "{42904860-7296-488E-85CF-1D37498C1AF0}"
EndProject
Project("{FAE04EC0-301F-11D3-BF4B-00C04F79EFBC}") = "ElevenNote.Contracts", "ElevenNote.Contracts\ElevenNote.Contracts.csproj", "{0C559D08-DC1F-4C83-98C2-3032A37716F1}"
EndProject
Project("{FAE04EC0-301F-11D3-BF4B-00C04F79EFBC}") = "ElevenNote.Services", "ElevenNote.Services\ElevenNote.Services.csproj", "{03179D63-046B-4F8D-AD58-C05CB869AEA4}"
EndProject
Project("{FAE04EC0-301F-11D3-BF4B-00C04F79EFBC}") = "UnitTest1.cs", "UnitTest1.cs\UnitTest1.cs.csproj", "{6E8918B5-0AEF-4940-ABFC-CF20C4C84A6A}"
EndProject
Global
	GlobalSection(SolutionConfigurationPlatforms) = preSolution
		Debug|Any CPU = Debug|Any CPU
		Release|Any CPU = Release|Any CPU
	EndGlobalSection
	GlobalSection(ProjectConfigurationPlatforms) = postSolution
		{812DEB93-9D3C-42A1-97E2-9D4998FAF227}.Debug|Any CPU.ActiveCfg = Debug|Any CPU
		{812DEB93-9D3C-42A1-97E2-9D4998FAF227}.Debug|Any CPU.Build.0 = Debug|Any CPU
		{812DEB93-9D3C-42A1-97E2-9D4998FAF227}.Release|Any CPU.ActiveCfg = Release|Any CPU
		{812DEB93-9D3C-42A1-97E2-9D4998FAF227}.Release|Any CPU.Build.0 = Release|Any CPU
		{7D7684D2-FA96-4815-9CE9-968F216864BC}.Debug|Any CPU.ActiveCfg = Debug|Any CPU
		{7D7684D2-FA96-4815-9CE9-968F216864BC}.Debug|Any CPU.Build.0 = Debug|Any CPU
		{7D7684D2-FA96-4815-9CE9-968F216864BC}.Release|Any CPU.ActiveCfg = Release|Any CPU
		{7D7684D2-FA96-4815-9CE9-968F216864BC}.Release|Any CPU.Build.0 = Release|Any CPU
		{42904860-7296-488E-85CF-1D37498C1AF0}.Debug|Any CPU.ActiveCfg = Debug|Any CPU
		{42904860-7296-488E-85CF-1D37498C1AF0}.Debug|Any CPU.Build.0 = Debug|Any CPU
		{42904860-7296-488E-85CF-1D37498C1AF0}.Release|Any CPU.ActiveCfg = Release|Any CPU
		{42904860-7296-488E-85CF-1D37498C1AF0}.Release|Any CPU.Build.0 = Release|Any CPU
		{0C559D08-DC1F-4C83-98C2-3032A37716F1}.Debug|Any CPU.ActiveCfg = Debug|Any CPU
		{0C559D08-DC1F-4C83-98C2-3032A37716F1}.Debug|Any CPU.Build.0 = Debug|Any CPU
		{0C559D08-DC1F-4C83-98C2-3032A37716F1}.Release|Any CPU.ActiveCfg = Release|Any CPU
		{0C559D08-DC1F-4C83-98C2-3032A37716F1}.Release|Any CPU.Build.0 = Release|Any CPU
		{03179D63-046B-4F8D-AD58-C05CB869AEA4}.Debug|Any CPU.ActiveCfg = Debug|Any CPU
		{03179D63-046B-4F8D-AD58-C05CB869AEA4}.Debug|Any CPU.Build.0 = Debug|Any CPU
		{03179D63-046B-4F8D-AD58-C05CB869AEA4}.Release|Any CPU.ActiveCfg = Release|Any CPU
		{03179D63-046B-4F8D-AD58-C05CB869AEA4}.Release|Any CPU.Build.0 = Release|Any CPU
		{6E8918B5-0AEF-4940-ABFC-CF20C4C84A6A}.Debug|Any CPU.ActiveCfg = Debug|Any CPU
		{6E8918B5-0AEF-4940-ABFC-CF20C4C84A6A}.Debug|Any CPU.Build.0 = Debug|Any CPU
		{6E8918B5-0AEF-4940-ABFC-CF20C4C84A6A}.Release|Any CPU.ActiveCfg = Release|Any CPU
		{6E8918B5-0AEF-4940-ABFC-CF20C4C84A6A}.Release|Any CPU.Build.0 = Release|Any CPU
	EndGlobalSection
	GlobalSection(SolutionProperties) = preSolution
		HideSolutionNode = FALSE
	EndGlobalSection
	GlobalSection(ExtensibilityGlobals) = postSolution
		SolutionGuid = {89446A53-BBA0-4666-9DE7-023C11939533}
	EndGlobalSection
EndGlobal
